
Microsoft Visual Studio Solution File, Format Version 12.00
# Visual Studio Version 17
VisualStudioVersion = 17.0.31903.59
MinimumVisualStudioVersion = 10.0.40219.1
Project("{FAE04EC0-301F-11D3-BF4B-00C04F79EFBC}") = "dominio", "dominio\dominio.csproj", "{1BBFF6B1-5F47-4B14-AB99-FF67ECBC38BE}"
EndProject
Project("{FAE04EC0-301F-11D3-BF4B-00C04F79EFBC}") = "repositorio", "repositorio\repositorio.csproj", "{BB944616-4822-4C6C-9330-6713B5438E52}"
EndProject
Global
	GlobalSection(SolutionConfigurationPlatforms) = preSolution
		Debug|Any CPU = Debug|Any CPU
		Release|Any CPU = Release|Any CPU
	EndGlobalSection
	GlobalSection(SolutionProperties) = preSolution
		HideSolutionNode = FALSE
	EndGlobalSection
	GlobalSection(ProjectConfigurationPlatforms) = postSolution
		{1BBFF6B1-5F47-4B14-AB99-FF67ECBC38BE}.Debug|Any CPU.ActiveCfg = Debug|Any CPU
		{1BBFF6B1-5F47-4B14-AB99-FF67ECBC38BE}.Debug|Any CPU.Build.0 = Debug|Any CPU
		{1BBFF6B1-5F47-4B14-AB99-FF67ECBC38BE}.Release|Any CPU.ActiveCfg = Release|Any CPU
		{1BBFF6B1-5F47-4B14-AB99-FF67ECBC38BE}.Release|Any CPU.Build.0 = Release|Any CPU
		{BB944616-4822-4C6C-9330-6713B5438E52}.Debug|Any CPU.ActiveCfg = Debug|Any CPU
		{BB944616-4822-4C6C-9330-6713B5438E52}.Debug|Any CPU.Build.0 = Debug|Any CPU
		{BB944616-4822-4C6C-9330-6713B5438E52}.Release|Any CPU.ActiveCfg = Release|Any CPU
		{BB944616-4822-4C6C-9330-6713B5438E52}.Release|Any CPU.Build.0 = Release|Any CPU
	EndGlobalSection
EndGlobal
